
Microsoft Visual Studio Solution File, Format Version 12.00
# Visual Studio 14
VisualStudioVersion = 14.0.23107.0
MinimumVisualStudioVersion = 10.0.40219.1
Project("{FAE04EC0-301F-11D3-BF4B-00C04F79EFBC}") = "WordPuzzle", "WordPuzzle\WordPuzzle.csproj", "{838F8A0B-88BF-4EA7-9D01-413CB145A1D5}"
EndProject
Project("{2150E333-8FDC-42A3-9474-1A3956D46DE8}") = "Solution Items", "Solution Items", "{C0673D0C-7373-40C9-B3B6-0EC635726A81}"
	ProjectSection(SolutionItems) = preProject
		GA.cs = GA.cs
	EndProjectSection
EndProject
Global
	GlobalSection(SolutionConfigurationPlatforms) = preSolution
		Debug|Any CPU = Debug|Any CPU
		Release|Any CPU = Release|Any CPU
	EndGlobalSection
	GlobalSection(ProjectConfigurationPlatforms) = postSolution
		{838F8A0B-88BF-4EA7-9D01-413CB145A1D5}.Debug|Any CPU.ActiveCfg = Debug|Any CPU
		{838F8A0B-88BF-4EA7-9D01-413CB145A1D5}.Debug|Any CPU.Build.0 = Debug|Any CPU
		{838F8A0B-88BF-4EA7-9D01-413CB145A1D5}.Release|Any CPU.ActiveCfg = Release|Any CPU
		{838F8A0B-88BF-4EA7-9D01-413CB145A1D5}.Release|Any CPU.Build.0 = Release|Any CPU
	EndGlobalSection
	GlobalSection(SolutionProperties) = preSolution
		HideSolutionNode = FALSE
	EndGlobalSection
EndGlobal
